
Microsoft Visual Studio Solution File, Format Version 12.00
# Visual Studio Version 16
VisualStudioVersion = 16.0.30907.101
MinimumVisualStudioVersion = 10.0.40219.1
Project("{FAE04EC0-301F-11D3-BF4B-00C04F79EFBC}") = "XmlSerialization", "TestXML\XmlSerialization.csproj", "{52C71E25-1583-45D3-8732-AEA79730982A}"
EndProject
Project("{FAE04EC0-301F-11D3-BF4B-00C04F79EFBC}") = "ReadXml", "TestApp\ReadXml.csproj", "{7986D2CA-2C61-478A-BFBA-B504F96A69C9}"
EndProject
Global
	GlobalSection(SolutionConfigurationPlatforms) = preSolution
		Debug|Any CPU = Debug|Any CPU
		Release|Any CPU = Release|Any CPU
	EndGlobalSection
	GlobalSection(ProjectConfigurationPlatforms) = postSolution
		{52C71E25-1583-45D3-8732-AEA79730982A}.Debug|Any CPU.ActiveCfg = Debug|Any CPU
		{52C71E25-1583-45D3-8732-AEA79730982A}.Debug|Any CPU.Build.0 = Debug|Any CPU
		{52C71E25-1583-45D3-8732-AEA79730982A}.Release|Any CPU.ActiveCfg = Release|Any CPU
		{52C71E25-1583-45D3-8732-AEA79730982A}.Release|Any CPU.Build.0 = Release|Any CPU
		{7986D2CA-2C61-478A-BFBA-B504F96A69C9}.Debug|Any CPU.ActiveCfg = Debug|Any CPU
		{7986D2CA-2C61-478A-BFBA-B504F96A69C9}.Debug|Any CPU.Build.0 = Debug|Any CPU
		{7986D2CA-2C61-478A-BFBA-B504F96A69C9}.Release|Any CPU.ActiveCfg = Release|Any CPU
		{7986D2CA-2C61-478A-BFBA-B504F96A69C9}.Release|Any CPU.Build.0 = Release|Any CPU
	EndGlobalSection
	GlobalSection(SolutionProperties) = preSolution
		HideSolutionNode = FALSE
	EndGlobalSection
	GlobalSection(ExtensibilityGlobals) = postSolution
		SolutionGuid = {B527259E-EAB6-4E79-8FDF-E71E6DDBAC42}
	EndGlobalSection
EndGlobal
